
Microsoft Visual Studio Solution File, Format Version 12.00
# Visual Studio 14
VisualStudioVersion = 14.0.25123.0
MinimumVisualStudioVersion = 10.0.40219.1
Project("{FAE04EC0-301F-11D3-BF4B-00C04F79EFBC}") = "NRestful", "NRestful\NRestful.csproj", "{340A7915-BD3A-4530-98DB-B554D8C63C81}"
EndProject
Project("{FAE04EC0-301F-11D3-BF4B-00C04F79EFBC}") = "NRestfulConsole", "NRestfulConsole\NRestfulConsole.csproj", "{081D9243-0828-425C-BD05-90717536240D}"
EndProject
Global
	GlobalSection(SolutionConfigurationPlatforms) = preSolution
		Debug|Any CPU = Debug|Any CPU
		Release|Any CPU = Release|Any CPU
	EndGlobalSection
	GlobalSection(ProjectConfigurationPlatforms) = postSolution
		{340A7915-BD3A-4530-98DB-B554D8C63C81}.Debug|Any CPU.ActiveCfg = Debug|Any CPU
		{340A7915-BD3A-4530-98DB-B554D8C63C81}.Debug|Any CPU.Build.0 = Debug|Any CPU
		{340A7915-BD3A-4530-98DB-B554D8C63C81}.Release|Any CPU.ActiveCfg = Release|Any CPU
		{340A7915-BD3A-4530-98DB-B554D8C63C81}.Release|Any CPU.Build.0 = Release|Any CPU
		{081D9243-0828-425C-BD05-90717536240D}.Debug|Any CPU.ActiveCfg = Debug|Any CPU
		{081D9243-0828-425C-BD05-90717536240D}.Debug|Any CPU.Build.0 = Debug|Any CPU
		{081D9243-0828-425C-BD05-90717536240D}.Release|Any CPU.ActiveCfg = Release|Any CPU
		{081D9243-0828-425C-BD05-90717536240D}.Release|Any CPU.Build.0 = Release|Any CPU
	EndGlobalSection
	GlobalSection(SolutionProperties) = preSolution
		HideSolutionNode = FALSE
	EndGlobalSection
EndGlobal
